
Microsoft Visual Studio Solution File, Format Version 12.00
# Visual Studio Version 16
VisualStudioVersion = 16.0.31729.503
MinimumVisualStudioVersion = 10.0.40219.1
Project("{FAE04EC0-301F-11D3-BF4B-00C04F79EFBC}") = "FirstAppAspDotNetCore", "FirstAppAspDotNetCore\FirstAppAspDotNetCore.csproj", "{CC8251EA-FAC2-423E-A01D-901DC445EF9A}"
EndProject
Global
	GlobalSection(SolutionConfigurationPlatforms) = preSolution
		Debug|Any CPU = Debug|Any CPU
		Release|Any CPU = Release|Any CPU
	EndGlobalSection
	GlobalSection(ProjectConfigurationPlatforms) = postSolution
		{CC8251EA-FAC2-423E-A01D-901DC445EF9A}.Debug|Any CPU.ActiveCfg = Debug|Any CPU
		{CC8251EA-FAC2-423E-A01D-901DC445EF9A}.Debug|Any CPU.Build.0 = Debug|Any CPU
		{CC8251EA-FAC2-423E-A01D-901DC445EF9A}.Release|Any CPU.ActiveCfg = Release|Any CPU
		{CC8251EA-FAC2-423E-A01D-901DC445EF9A}.Release|Any CPU.Build.0 = Release|Any CPU
	EndGlobalSection
	GlobalSection(SolutionProperties) = preSolution
		HideSolutionNode = FALSE
	EndGlobalSection
	GlobalSection(ExtensibilityGlobals) = postSolution
		SolutionGuid = {21F780FE-2C8C-4311-BC3F-495973452905}
	EndGlobalSection
EndGlobal
